
Microsoft Visual Studio Solution File, Format Version 12.00
# Visual Studio Version 17
VisualStudioVersion = 17.8.34511.84
MinimumVisualStudioVersion = 10.0.40219.1
Project("{FAE04EC0-301F-11D3-BF4B-00C04F79EFBC}") = "DotNetCoreFundamental2", "DotNetCoreFundamental2\DotNetCoreFundamental2.csproj", "{B9494816-D617-4611-9625-652BF49C1862}"
EndProject
Global
	GlobalSection(SolutionConfigurationPlatforms) = preSolution
		Debug|Any CPU = Debug|Any CPU
		Release|Any CPU = Release|Any CPU
	EndGlobalSection
	GlobalSection(ProjectConfigurationPlatforms) = postSolution
		{B9494816-D617-4611-9625-652BF49C1862}.Debug|Any CPU.ActiveCfg = Debug|Any CPU
		{B9494816-D617-4611-9625-652BF49C1862}.Debug|Any CPU.Build.0 = Debug|Any CPU
		{B9494816-D617-4611-9625-652BF49C1862}.Release|Any CPU.ActiveCfg = Release|Any CPU
		{B9494816-D617-4611-9625-652BF49C1862}.Release|Any CPU.Build.0 = Release|Any CPU
	EndGlobalSection
	GlobalSection(SolutionProperties) = preSolution
		HideSolutionNode = FALSE
	EndGlobalSection
	GlobalSection(ExtensibilityGlobals) = postSolution
		SolutionGuid = {723ECD93-0555-4BE8-BC4E-FB1BCCFC2B62}
	EndGlobalSection
EndGlobal
