
Microsoft Visual Studio Solution File, Format Version 12.00
# Visual Studio Version 17
VisualStudioVersion = 17.8.34511.84
MinimumVisualStudioVersion = 10.0.40219.1
Project("{FAE04EC0-301F-11D3-BF4B-00C04F79EFBC}") = "DevCard_MVC", "DevCard_MVC\DevCard_MVC.csproj", "{60CF45FD-EC69-4FEB-8DED-0D268E4CE818}"
EndProject
Global
	GlobalSection(SolutionConfigurationPlatforms) = preSolution
		Debug|Any CPU = Debug|Any CPU
		Release|Any CPU = Release|Any CPU
	EndGlobalSection
	GlobalSection(ProjectConfigurationPlatforms) = postSolution
		{60CF45FD-EC69-4FEB-8DED-0D268E4CE818}.Debug|Any CPU.ActiveCfg = Debug|Any CPU
		{60CF45FD-EC69-4FEB-8DED-0D268E4CE818}.Debug|Any CPU.Build.0 = Debug|Any CPU
		{60CF45FD-EC69-4FEB-8DED-0D268E4CE818}.Release|Any CPU.ActiveCfg = Release|Any CPU
		{60CF45FD-EC69-4FEB-8DED-0D268E4CE818}.Release|Any CPU.Build.0 = Release|Any CPU
	EndGlobalSection
	GlobalSection(SolutionProperties) = preSolution
		HideSolutionNode = FALSE
	EndGlobalSection
	GlobalSection(ExtensibilityGlobals) = postSolution
		SolutionGuid = {92D0C315-0AF7-453A-BED6-9249807B2F62}
	EndGlobalSection
EndGlobal
